
Microsoft Visual Studio Solution File, Format Version 12.00
# Visual Studio Version 17
VisualStudioVersion = 17.8.34330.188
MinimumVisualStudioVersion = 10.0.40219.1
Project("{FAE04EC0-301F-11D3-BF4B-00C04F79EFBC}") = "ConsoleApp1", "ConsoleApp1\ConsoleApp1.csproj", "{A035F663-CBC6-445E-A9A6-30A8DBB3D735}"
EndProject
Project("{FAE04EC0-301F-11D3-BF4B-00C04F79EFBC}") = "ConsoleApp2", "ConsoleApp2\ConsoleApp2.csproj", "{8400D70E-6AC0-4D73-801D-C66FA714A196}"
EndProject
Global
	GlobalSection(SolutionConfigurationPlatforms) = preSolution
		Debug|Any CPU = Debug|Any CPU
		Release|Any CPU = Release|Any CPU
	EndGlobalSection
	GlobalSection(ProjectConfigurationPlatforms) = postSolution
		{A035F663-CBC6-445E-A9A6-30A8DBB3D735}.Debug|Any CPU.ActiveCfg = Debug|Any CPU
		{A035F663-CBC6-445E-A9A6-30A8DBB3D735}.Debug|Any CPU.Build.0 = Debug|Any CPU
		{A035F663-CBC6-445E-A9A6-30A8DBB3D735}.Release|Any CPU.ActiveCfg = Release|Any CPU
		{A035F663-CBC6-445E-A9A6-30A8DBB3D735}.Release|Any CPU.Build.0 = Release|Any CPU
		{8400D70E-6AC0-4D73-801D-C66FA714A196}.Debug|Any CPU.ActiveCfg = Debug|Any CPU
		{8400D70E-6AC0-4D73-801D-C66FA714A196}.Debug|Any CPU.Build.0 = Debug|Any CPU
		{8400D70E-6AC0-4D73-801D-C66FA714A196}.Release|Any CPU.ActiveCfg = Release|Any CPU
		{8400D70E-6AC0-4D73-801D-C66FA714A196}.Release|Any CPU.Build.0 = Release|Any CPU
	EndGlobalSection
	GlobalSection(SolutionProperties) = preSolution
		HideSolutionNode = FALSE
	EndGlobalSection
	GlobalSection(ExtensibilityGlobals) = postSolution
		SolutionGuid = {010A73CD-BEC1-48D2-B4CA-C78270117681}
	EndGlobalSection
EndGlobal
